
Microsoft Visual Studio Solution File, Format Version 12.00
# Visual Studio Version 16
VisualStudioVersion = 16.0.30611.23
MinimumVisualStudioVersion = 10.0.40219.1
Project("{FAE04EC0-301F-11D3-BF4B-00C04F79EFBC}") = "MyInsurance", "MyInsurance\MyInsurance.csproj", "{1FED41A3-78E3-452C-8892-117DB4F7905B}"
EndProject
Project("{FAE04EC0-301F-11D3-BF4B-00C04F79EFBC}") = "MyInsurance.BusinessLogic", "MyInsurance.BusinessLogic\MyInsurance.BusinessLogic.csproj", "{DE49FDAA-587F-48FD-9075-0ECC9249498C}"
EndProject
Global
	GlobalSection(SolutionConfigurationPlatforms) = preSolution
		Debug|Any CPU = Debug|Any CPU
		Release|Any CPU = Release|Any CPU
	EndGlobalSection
	GlobalSection(ProjectConfigurationPlatforms) = postSolution
		{1FED41A3-78E3-452C-8892-117DB4F7905B}.Debug|Any CPU.ActiveCfg = Debug|Any CPU
		{1FED41A3-78E3-452C-8892-117DB4F7905B}.Debug|Any CPU.Build.0 = Debug|Any CPU
		{1FED41A3-78E3-452C-8892-117DB4F7905B}.Release|Any CPU.ActiveCfg = Release|Any CPU
		{1FED41A3-78E3-452C-8892-117DB4F7905B}.Release|Any CPU.Build.0 = Release|Any CPU
		{DE49FDAA-587F-48FD-9075-0ECC9249498C}.Debug|Any CPU.ActiveCfg = Debug|Any CPU
		{DE49FDAA-587F-48FD-9075-0ECC9249498C}.Debug|Any CPU.Build.0 = Debug|Any CPU
		{DE49FDAA-587F-48FD-9075-0ECC9249498C}.Release|Any CPU.ActiveCfg = Release|Any CPU
		{DE49FDAA-587F-48FD-9075-0ECC9249498C}.Release|Any CPU.Build.0 = Release|Any CPU
	EndGlobalSection
	GlobalSection(SolutionProperties) = preSolution
		HideSolutionNode = FALSE
	EndGlobalSection
	GlobalSection(ExtensibilityGlobals) = postSolution
		SolutionGuid = {67F1EBD0-0BC9-4813-AC34-92A47B88A32A}
	EndGlobalSection
EndGlobal
